// !$*UTF8*$!
{
	archiveVersion = 1;
	classes = {
	};
	objectVersion = 46;
	objects = {

/* Begin PBXBuildFile section */
		3A54CEC4175A122300CF2CA7 /* UIKit.framework in Frameworks */ = {isa = PBXBuildFile; fileRef = 3A54CEC3175A122300CF2CA7 /* UIKit.framework */; };
		3A54CEC6175A122300CF2CA7 /* Foundation.framework in Frameworks */ = {isa = PBXBuildFile; fileRef = 3A54CEC5175A122300CF2CA7 /* Foundation.framework */; };
		3A54CEC8175A122300CF2CA7 /* CoreGraphics.framework in Frameworks */ = {isa = PBXBuildFile; fileRef = 3A54CEC7175A122300CF2CA7 /* CoreGraphics.framework */; };
		3A54CECE175A122300CF2CA7 /* InfoPlist.strings in Resources */ = {isa = PBXBuildFile; fileRef = 3A54CECC175A122300CF2CA7 /* InfoPlist.strings */; };
		3A54CED0175A122300CF2CA7 /* main.m in Sources */ = {isa = PBXBuildFile; fileRef = 3A54CECF175A122300CF2CA7 /* main.m */; };
		3A54CED4175A122300CF2CA7 /* PageAppDelegate.m in Sources */ = {isa = PBXBuildFile; fileRef = 3A54CED3175A122300CF2CA7 /* PageAppDelegate.m */; };
		3A54CED6175A122300CF2CA7 /* Default.png in Resources */ = {isa = PBXBuildFile; fileRef = 3A54CED5175A122300CF2CA7 /* Default.png */; };
		3A54CED8175A122300CF2CA7 /* Default@2x.png in Resources */ = {isa = PBXBuildFile; fileRef = 3A54CED7175A122300CF2CA7 /* Default@2x.png */; };
		3A54CEDA175A122300CF2CA7 /* Default-568h@2x.png in Resources */ = {isa = PBXBuildFile; fileRef = 3A54CED9175A122300CF2CA7 /* Default-568h@2x.png */; };
		3A54CEDD175A122300CF2CA7 /* PageRootViewController.m in Sources */ = {isa = PBXBuildFile; fileRef = 3A54CEDC175A122300CF2CA7 /* PageRootViewController.m */; };
		3A54CEE0175A122300CF2CA7 /* PageDataViewController.m in Sources */ = {isa = PBXBuildFile; fileRef = 3A54CEDF175A122300CF2CA7 /* PageDataViewController.m */; };
		3A54CEE3175A122300CF2CA7 /* PageModelController.m in Sources */ = {isa = PBXBuildFile; fileRef = 3A54CEE2175A122300CF2CA7 /* PageModelController.m */; };
		3A54CEE6175A122300CF2CA7 /* MainStoryboard.storyboard in Resources */ = {isa = PBXBuildFile; fileRef = 3A54CEE4175A122300CF2CA7 /* MainStoryboard.storyboard */; };
/* End PBXBuildFile section */

/* Begin PBXFileReference section */
		3A54CEC0175A122300CF2CA7 /* Page.app */ = {isa = PBXFileReference; explicitFileType = wrapper.application; includeInIndex = 0; path = Page.app; sourceTree = BUILT_PRODUCTS_DIR; };
		3A54CEC3175A122300CF2CA7 /* UIKit.framework */ = {isa = PBXFileReference; lastKnownFileType = wrapper.framework; name = UIKit.framework; path = System/Library/Frameworks/UIKit.framework; sourceTree = SDKROOT; };
		3A54CEC5175A122300CF2CA7 /* Foundation.framework */ = {isa = PBXFileReference; lastKnownFileType = wrapper.framework; name = Foundation.framework; path = System/Library/Frameworks/Foundation.framework; sourceTree = SDKROOT; };
		3A54CEC7175A122300CF2CA7 /* CoreGraphics.framework */ = {isa = PBXFileReference; lastKnownFileType = wrapper.framework; name = CoreGraphics.framework; path = System/Library/Frameworks/CoreGraphics.framework; sourceTree = SDKROOT; };
		3A54CECB175A122300CF2CA7 /* Page-Info.plist */ = {isa = PBXFileReference; lastKnownFileType = text.plist.xml; path = "Page-Info.plist"; sourceTree = "<group>"; };
		3A54CECD175A122300CF2CA7 /* en */ = {isa = PBXFileReference; lastKnownFileType = text.plist.strings; name = en; path = en.lproj/InfoPlist.strings; sourceTree = "<group>"; };
		3A54CECF175A122300CF2CA7 /* main.m */ = {isa = PBXFileReference; lastKnownFileType = sourcecode.c.objc; path = main.m; sourceTree = "<group>"; };
		3A54CED1175A122300CF2CA7 /* Page-Prefix.pch */ = {isa = PBXFileReference; lastKnownFileType = sourcecode.c.h; path = "Page-Prefix.pch"; sourceTree = "<group>"; };
		3A54CED2175A122300CF2CA7 /* PageAppDelegate.h */ = {isa = PBXFileReference; lastKnownFileType = sourcecode.c.h; path = PageAppDelegate.h; sourceTree = "<group>"; };
		3A54CED3175A122300CF2CA7 /* PageAppDelegate.m */ = {isa = PBXFileReference; lastKnownFileType = sourcecode.c.objc; path = PageAppDelegate.m; sourceTree = "<group>"; };
		3A54CED5175A122300CF2CA7 /* Default.png */ = {isa = PBXFileReference; lastKnownFileType = image.png; path = Default.png; sourceTree = "<group>"; };
		3A54CED7175A122300CF2CA7 /* Default@2x.png */ = {isa = PBXFileReference; lastKnownFileType = image.png; path = "Default@2x.png"; sourceTree = "<group>"; };
		3A54CED9175A122300CF2CA7 /* Default-568h@2x.png */ = {isa = PBXFileReference; lastKnownFileType = image.png; path = "Default-568h@2x.png"; sourceTree = "<group>"; };
		3A54CEDB175A122300CF2CA7 /* PageRootViewController.h */ = {isa = PBXFileReference; lastKnownFileType = sourcecode.c.h; path = PageRootViewController.h; sourceTree = "<group>"; };
		3A54CEDC175A122300CF2CA7 /* PageRootViewController.m */ = {isa = PBXFileReference; lastKnownFileType = sourcecode.c.objc; path = PageRootViewController.m; sourceTree = "<group>"; };
		3A54CEDE175A122300CF2CA7 /* PageDataViewController.h */ = {isa = PBXFileReference; lastKnownFileType = sourcecode.c.h; path = PageDataViewController.h; sourceTree = "<group>"; };
		3A54CEDF175A122300CF2CA7 /* PageDataViewController.m */ = {isa = PBXFileReference; lastKnownFileType = sourcecode.c.objc; path = PageDataViewController.m; sourceTree = "<group>"; };
		3A54CEE1175A122300CF2CA7 /* PageModelController.h */ = {isa = PBXFileReference; lastKnownFileType = sourcecode.c.h; path = PageModelController.h; sourceTree = "<group>"; };
		3A54CEE2175A122300CF2CA7 /* PageModelController.m */ = {isa = PBXFileReference; lastKnownFileType = sourcecode.c.objc; path = PageModelController.m; sourceTree = "<group>"; };
		3A54CEE5175A122300CF2CA7 /* en */ = {isa = PBXFileReference; lastKnownFileType = file.storyboard; name = en; path = en.lproj/MainStoryboard.storyboard; sourceTree = "<group>"; };
/* End PBXFileReference section */

/* Begin PBXFrameworksBuildPhase section */
		3A54CEBD175A122300CF2CA7 /* Frameworks */ = {
			isa = PBXFrameworksBuildPhase;
			buildActionMask = 2147483647;
			files = (
				3A54CEC4175A122300CF2CA7 /* UIKit.framework in Frameworks */,
				3A54CEC6175A122300CF2CA7 /* Foundation.framework in Frameworks */,
				3A54CEC8175A122300CF2CA7 /* CoreGraphics.framework in Frameworks */,
			);
			runOnlyForDeploymentPostprocessing = 0;
		};
/* End PBXFrameworksBuildPhase section */

/* Begin PBXGroup section */
		3A54CEB7175A122300CF2CA7 = {
			isa = PBXGroup;
			children = (
				3A54CEC9175A122300CF2CA7 /* Page */,
				3A54CEC2175A122300CF2CA7 /* Frameworks */,
				3A54CEC1175A122300CF2CA7 /* Products */,
			);
			sourceTree = "<group>";
		};
		3A54CEC1175A122300CF2CA7 /* Products */ = {
			isa = PBXGroup;
			children = (
				3A54CEC0175A122300CF2CA7 /* Page.app */,
			);
			name = Products;
			sourceTree = "<group>";
		};
		3A54CEC2175A122300CF2CA7 /* Frameworks */ = {
			isa = PBXGroup;
			children = (
				3A54CEC3175A122300CF2CA7 /* UIKit.framework */,
				3A54CEC5175A122300CF2CA7 /* Foundation.framework */,
				3A54CEC7175A122300CF2CA7 /* CoreGraphics.framework */,
			);
			name = Frameworks;
			sourceTree = "<group>";
		};
		3A54CEC9175A122300CF2CA7 /* Page */ = {
			isa = PBXGroup;
			children = (
				3A54CED2175A122300CF2CA7 /* PageAppDelegate.h */,
				3A54CED3175A122300CF2CA7 /* PageAppDelegate.m */,
				3A54CEDB175A122300CF2CA7 /* PageRootViewController.h */,
				3A54CEDC175A122300CF2CA7 /* PageRootViewController.m */,
				3A54CEDE175A122300CF2CA7 /* PageDataViewController.h */,
				3A54CEDF175A122300CF2CA7 /* PageDataViewController.m */,
				3A54CEE1175A122300CF2CA7 /* PageModelController.h */,
				3A54CEE2175A122300CF2CA7 /* PageModelController.m */,
				3A54CEE4175A122300CF2CA7 /* MainStoryboard.storyboard */,
				3A54CECA175A122300CF2CA7 /* Supporting Files */,
			);
			path = Page;
			sourceTree = "<group>";
		};
		3A54CECA175A122300CF2CA7 /* Supporting Files */ = {
			isa = PBXGroup;
			children = (
				3A54CECB175A122300CF2CA7 /* Page-Info.plist */,
				3A54CECC175A122300CF2CA7 /* InfoPlist.strings */,
				3A54CECF175A122300CF2CA7 /* main.m */,
				3A54CED1175A122300CF2CA7 /* Page-Prefix.pch */,
				3A54CED5175A122300CF2CA7 /* Default.png */,
				3A54CED7175A122300CF2CA7 /* Default@2x.png */,
				3A54CED9175A122300CF2CA7 /* Default-568h@2x.png */,
			);
			name = "Supporting Files";
			sourceTree = "<group>";
		};
/* End PBXGroup section */

/* Begin PBXNativeTarget section */
		3A54CEBF175A122300CF2CA7 /* Page */ = {
			isa = PBXNativeTarget;
			buildConfigurationList = 3A54CEE9175A122300CF2CA7 /* Build configuration list for PBXNativeTarget "Page" */;
			buildPhases = (
				3A54CEBC175A122300CF2CA7 /* Sources */,
				3A54CEBD175A122300CF2CA7 /* Frameworks */,
				3A54CEBE175A122300CF2CA7 /* Resources */,
			);
			buildRules = (
			);
			dependencies = (
			);
			name = Page;
			productName = Page;
			productReference = 3A54CEC0175A122300CF2CA7 /* Page.app */;
			productType = "com.apple.product-type.application";
		};
/* End PBXNativeTarget section */

/* Begin PBXProject section */
		3A54CEB8175A122300CF2CA7 /* Project object */ = {
			isa = PBXProject;
			attributes = {
				CLASSPREFIX = Page;
				LastUpgradeCheck = 0460;
				ORGANIZATIONNAME = Greyhound;
			};
			buildConfigurationList = 3A54CEBB175A122300CF2CA7 /* Build configuration list for PBXProject "Page" */;
			compatibilityVersion = "Xcode 3.2";
			developmentRegion = English;
			hasScannedForEncodings = 0;
			knownRegions = (
				en,
			);
			mainGroup = 3A54CEB7175A122300CF2CA7;
			productRefGroup = 3A54CEC1175A122300CF2CA7 /* Products */;
			projectDirPath = "";
			projectRoot = "";
			targets = (
				3A54CEBF175A122300CF2CA7 /* Page */,
			);
		};
/* End PBXProject section */

/* Begin PBXResourcesBuildPhase section */
		3A54CEBE175A122300CF2CA7 /* Resources */ = {
			isa = PBXResourcesBuildPhase;
			buildActionMask = 2147483647;
			files = (
				3A54CECE175A122300CF2CA7 /* InfoPlist.strings in Resources */,
				3A54CED6175A122300CF2CA7 /* Default.png in Resources */,
				3A54CED8175A122300CF2CA7 /* Default@2x.png in Resources */,
				3A54CEDA175A122300CF2CA7 /* Default-568h@2x.png in Resources */,
				3A54CEE6175A122300CF2CA7 /* MainStoryboard.storyboard in Resources */,
			);
			runOnlyForDeploymentPostprocessing = 0;
		};
/* End PBXResourcesBuildPhase section */

/* Begin PBXSourcesBuildPhase section */
		3A54CEBC175A122300CF2CA7 /* Sources */ = {
			isa = PBXSourcesBuildPhase;
			buildActionMask = 2147483647;
			files = (
				3A54CED0175A122300CF2CA7 /* main.m in Sources */,
				3A54CED4175A122300CF2CA7 /* PageAppDelegate.m in Sources */,
				3A54CEDD175A122300CF2CA7 /* PageRootViewController.m in Sources */,
				3A54CEE0175A122300CF2CA7 /* PageDataViewController.m in Sources */,
				3A54CEE3175A122300CF2CA7 /* PageModelController.m in Sources */,
			);
			runOnlyForDeploymentPostprocessing = 0;
		};
/* End PBXSourcesBuildPhase section */

/* Begin PBXVariantGroup section */
		3A54CECC175A122300CF2CA7 /* InfoPlist.strings */ = {
			isa = PBXVariantGroup;
			children = (
				3A54CECD175A122300CF2CA7 /* en */,
			);
			name = InfoPlist.strings;
			sourceTree = "<group>";
		};
		3A54CEE4175A122300CF2CA7 /* MainStoryboard.storyboard */ = {
			isa = PBXVariantGroup;
			children = (
				3A54CEE5175A122300CF2CA7 /* en */,
			);
			name = MainStoryboard.storyboard;
			sourceTree = "<group>";
		};
/* End PBXVariantGroup section */

/* Begin XCBuildConfiguration section */
		3A54CEE7175A122300CF2CA7 /* Debug */ = {
			isa = XCBuildConfiguration;
			buildSettings = {
				ALWAYS_SEARCH_USER_PATHS = NO;
				CLANG_CXX_LANGUAGE_STANDARD = "gnu++0x";
				CLANG_CXX_LIBRARY = "libc++";
				CLANG_WARN_CONSTANT_CONVERSION = YES;
				CLANG_WARN_EMPTY_BODY = YES;
				CLANG_WARN_ENUM_CONVERSION = YES;
				CLANG_WARN_INT_CONVERSION = YES;
				CLANG_WARN__DUPLICATE_METHOD_MATCH = YES;
				"CODE_SIGN_IDENTITY[sdk=iphoneos*]" = "iPhone Developer";
				COPY_PHASE_STRIP = NO;
				GCC_C_LANGUAGE_STANDARD = gnu99;
				GCC_DYNAMIC_NO_PIC = NO;
				GCC_OPTIMIZATION_LEVEL = 0;
				GCC_PREPROCESSOR_DEFINITIONS = (
					"DEBUG=1",
					"$(inherited)",
				);
				GCC_SYMBOLS_PRIVATE_EXTERN = NO;
				GCC_WARN_ABOUT_RETURN_TYPE = YES;
				GCC_WARN_UNINITIALIZED_AUTOS = YES;
				GCC_WARN_UNUSED_VARIABLE = YES;
				IPHONEOS_DEPLOYMENT_TARGET = 6.1;
				ONLY_ACTIVE_ARCH = YES;
				SDKROOT = iphoneos;
			};
			name = Debug;
		};
		3A54CEE8175A122300CF2CA7 /* Release */ = {
			isa = XCBuildConfiguration;
			buildSettings = {
				ALWAYS_SEARCH_USER_PATHS = NO;
				CLANG_CXX_LANGUAGE_STANDARD = "gnu++0x";
				CLANG_CXX_LIBRARY = "libc++";
				CLANG_WARN_CONSTANT_CONVERSION = YES;
				CLANG_WARN_EMPTY_BODY = YES;
				CLANG_WARN_ENUM_CONVERSION = YES;
				CLANG_WARN_INT_CONVERSION = YES;
				CLANG_WARN__DUPLICATE_METHOD_MATCH = YES;
				"CODE_SIGN_IDENTITY[sdk=iphoneos*]" = "iPhone Developer";
				COPY_PHASE_STRIP = YES;
				GCC_C_LANGUAGE_STANDARD = gnu99;
				GCC_WARN_ABOUT_RETURN_TYPE = YES;
				GCC_WARN_UNINITIALIZED_AUTOS = YES;
				GCC_WARN_UNUSED_VARIABLE = YES;
				IPHONEOS_DEPLOYMENT_TARGET = 6.1;
				OTHER_CFLAGS = "-DNS_BLOCK_ASSERTIONS=1";
				SDKROOT = iphoneos;
				VALIDATE_PRODUCT = YES;
			};
			name = Release;
		};
		3A54CEEA175A122300CF2CA7 /* Debug */ = {
			isa = XCBuildConfiguration;
			buildSettings = {
				GCC_PRECOMPILE_PREFIX_HEADER = YES;
				GCC_PREFIX_HEADER = "Page/Page-Prefix.pch";
				INFOPLIST_FILE = "Page/Page-Info.plist";
				PRODUCT_NAME = "$(TARGET_NAME)";
				WRAPPER_EXTENSION = app;
			};
			name = Debug;
		};
		3A54CEEB175A122300CF2CA7 /* Release */ = {
			isa = XCBuildConfiguration;
			buildSettings = {
				GCC_PRECOMPILE_PREFIX_HEADER = YES;
				GCC_PREFIX_HEADER = "Page/Page-Prefix.pch";
				INFOPLIST_FILE = "Page/Page-Info.plist";
				PRODUCT_NAME = "$(TARGET_NAME)";
				WRAPPER_EXTENSION = app;
			};
			name = Release;
		};
/* End XCBuildConfiguration section */

/* Begin XCConfigurationList section */
		3A54CEBB175A122300CF2CA7 /* Build configuration list for PBXProject "Page" */ = {
			isa = XCConfigurationList;
			buildConfigurations = (
				3A54CEE7175A122300CF2CA7 /* Debug */,
				3A54CEE8175A122300CF2CA7 /* Release */,
			);
			defaultConfigurationIsVisible = 0;
			defaultConfigurationName = Release;
		};
		3A54CEE9175A122300CF2CA7 /* Build configuration list for PBXNativeTarget "Page" */ = {
			isa = XCConfigurationList;
			buildConfigurations = (
				3A54CEEA175A122300CF2CA7 /* Debug */,
				3A54CEEB175A122300CF2CA7 /* Release */,
			);
			defaultConfigurationIsVisible = 0;
		};
/* End XCConfigurationList section */
	};
	rootObject = 3A54CEB8175A122300CF2CA7 /* Project object */;
}
